{
  "version": "5",
  "specifiers": {
    "jsr:@std/assert@1": "1.0.19",
    "jsr:@std/assert@^1.0.19": "1.0.19",
    "jsr:@std/internal@^1.0.12": "1.0.14",
    "jsr:@std/testing@1": "1.0.20",
    "npm:drizzle-orm@0.45.2": "0.45.2_postgres@3.4.9",
    "npm:postgres@3.4.9": "3.4.9"
  },
  "jsr": {
    "@std/assert@1.0.19": {
      "integrity": "eaada96ee120cb980bc47e040f82814d786fe8162ecc53c91d8df60b8755991e",
      "dependencies": [
        "jsr:@std/internal"
      ]
    },
    "@std/internal@1.0.14": {
      "integrity": "291516b3d4c35024d6ffbc0a9df5bf4c64116e05b50012cf846710152d2ffdf7"
    },
    "@std/testing@1.0.20": {
      "integrity": "21380ed438672762e4ec549cbf4fe41c5b68f5598773a30b64abe7375513e721",
      "dependencies": [
        "jsr:@std/assert@^1.0.19"
      ]
    }
  },
  "npm": {
    "drizzle-orm@0.45.2_postgres@3.4.9": {
      "integrity": "sha512-kY0BSaTNYWnoDMVoyY8uxmyHjpJW1geOmBMdSSicKo9CIIWkSxMIj2rkeSR51b8KAPB7m+qysjuHme5nKP+E5Q==",
      "dependencies": [
        "postgres"
      ],
      "optionalPeers": [
        "postgres"
      ]
    },
    "postgres@3.4.9": {
      "integrity": "sha512-GD3qdB0x1z9xgFI6cdRD6xu2Sp2WCOEoe3mtnyB5Ee0XrrL5Pe+e4CCnJrRMnL1zYtRDZmQQVbvOttLnKDLnaw=="
    }
  },
  "workspace": {
    "dependencies": [
      "jsr:@std/assert@1",
      "jsr:@std/testing@1",
      "npm:drizzle-orm@0.45.2",
      "npm:postgres@3.4.9"
    ]
  }
}
